{
  "name": "brainfvvo-sol-v3l-rayalgo-external-setup-only-demo",
  "version": "3.12.0",
  "lockfileVersion": 3,
  "requires": true,
  "packages": {
    "": {
      "name": "brainfvvo-sol-v3l-rayalgo-external-setup-only-demo",
      "version": "3.12.0",
      "engines": {
        "node": ">=18"
      }
    }
  }
}
