{
  "name": "brainfvvo-sol-v3n-rayalgo-failsafe-exit-demo",
  "version": "3.14.0",
  "lockfileVersion": 3,
  "requires": true,
  "packages": {
    "": {
      "name": "brainfvvo-sol-v3n-rayalgo-failsafe-exit-demo",
      "version": "3.14.0",
      "engines": {
        "node": ">=18"
      }
    }
  }
}
