{
  "name": "brainfvvo-sol-v3g-ray30-rayalgo-stateful-longhold-demo",
  "version": "3.7.0",
  "lockfileVersion": 3,
  "requires": true,
  "packages": {
    "": {
      "name": "brainfvvo-sol-v3g-ray30-rayalgo-stateful-longhold-demo",
      "version": "3.7.0",
      "dependencies": {},
      "engines": {
        "node": ">=18"
      }
    }
  }
}
